{
  "name": "arduino_temp_monitor",
  "lockfileVersion": 2,
  "requires": true,
  "packages": {
    "": {
      "dependencies": {
        "chart.js": "^3.9.1",
        "chartjs-plugin-streaming": "^2.0.0",
        "moment": "^2.29.4",
        "zenn-cli": "^0.1.117"
      }
    },
    "node_modules/chart.js": {
      "version": "3.9.1",
      "resolved": "https://registry.npmjs.org/chart.js/-/chart.js-3.9.1.tgz",
      "integrity": "sha512-Ro2JbLmvg83gXF5F4sniaQ+lTbSv18E+TIf2cOeiH1Iqd2PGFOtem+DUufMZsCJwFE7ywPOpfXFBwRTGq7dh6w=="
    },
    "node_modules/chartjs-plugin-streaming": {
      "version": "2.0.0",
      "resolved": "https://registry.npmjs.org/chartjs-plugin-streaming/-/chartjs-plugin-streaming-2.0.0.tgz",
      "integrity": "sha512-oBwHRmovGbPDS1h8PhpttnlKjI6eiJO13v4h+xz+mfbHhIc+iNF9xuMobCIFMKFH7rlVWi5TJAOIxoXyGElYYg==",
      "peerDependencies": {
        "chart.js": "^3.0.0"
      }
    },
    "node_modules/moment": {
      "version": "2.29.4",
      "resolved": "https://registry.npmjs.org/moment/-/moment-2.29.4.tgz",
      "integrity": "sha512-5LC9SOxjSc2HF6vO2CyuTDNivEdoz2IvyJJGj6X8DJ0eFyfszE0QiEd+iXmBvUP3WHxSjFH/vIsA0EN00cgr8w==",
      "engines": {
        "node": "*"
      }
    },
    "node_modules/zenn-cli": {
      "version": "0.1.117",
      "resolved": "https://registry.npmjs.org/zenn-cli/-/zenn-cli-0.1.117.tgz",
      "integrity": "sha512-1IvPRwB+cTRl3R+5MgdFm6h++c3xzRTzrtxX5KRq2M7+AB2dF1hWBqwTS8n+u/edkTZxhXQJi94Uw8cbMdXGfg==",
      "bin": {
        "zenn": "dist/server/zenn.js"
      },
      "engines": {
        "node": ">=14.0.0"
      }
    }
  },
  "dependencies": {
    "chart.js": {
      "version": "3.9.1",
      "resolved": "https://registry.npmjs.org/chart.js/-/chart.js-3.9.1.tgz",
      "integrity": "sha512-Ro2JbLmvg83gXF5F4sniaQ+lTbSv18E+TIf2cOeiH1Iqd2PGFOtem+DUufMZsCJwFE7ywPOpfXFBwRTGq7dh6w=="
    },
    "chartjs-plugin-streaming": {
      "version": "2.0.0",
      "resolved": "https://registry.npmjs.org/chartjs-plugin-streaming/-/chartjs-plugin-streaming-2.0.0.tgz",
      "integrity": "sha512-oBwHRmovGbPDS1h8PhpttnlKjI6eiJO13v4h+xz+mfbHhIc+iNF9xuMobCIFMKFH7rlVWi5TJAOIxoXyGElYYg==",
      "requires": {}
    },
    "moment": {
      "version": "2.29.4",
      "resolved": "https://registry.npmjs.org/moment/-/moment-2.29.4.tgz",
      "integrity": "sha512-5LC9SOxjSc2HF6vO2CyuTDNivEdoz2IvyJJGj6X8DJ0eFyfszE0QiEd+iXmBvUP3WHxSjFH/vIsA0EN00cgr8w=="
    },
    "zenn-cli": {
      "version": "0.1.117",
      "resolved": "https://registry.npmjs.org/zenn-cli/-/zenn-cli-0.1.117.tgz",
      "integrity": "sha512-1IvPRwB+cTRl3R+5MgdFm6h++c3xzRTzrtxX5KRq2M7+AB2dF1hWBqwTS8n+u/edkTZxhXQJi94Uw8cbMdXGfg=="
    }
  }
}
